
Microsoft Visual Studio Solution File, Format Version 12.00
# Visual Studio Version 16
VisualStudioVersion = 16.0.29215.179
MinimumVisualStudioVersion = 10.0.40219.1
Project("{FAE04EC0-301F-11D3-BF4B-00C04F79EFBC}") = "BinaryHeap", "BinaryHeap\BinaryHeap.csproj", "{D148EAE9-F004-44FF-A65F-138A8096ADC4}"
EndProject
Global
	GlobalSection(SolutionConfigurationPlatforms) = preSolution
		Debug|Any CPU = Debug|Any CPU
		Release|Any CPU = Release|Any CPU
	EndGlobalSection
	GlobalSection(ProjectConfigurationPlatforms) = postSolution
		{D148EAE9-F004-44FF-A65F-138A8096ADC4}.Debug|Any CPU.ActiveCfg = Debug|Any CPU
		{D148EAE9-F004-44FF-A65F-138A8096ADC4}.Debug|Any CPU.Build.0 = Debug|Any CPU
		{D148EAE9-F004-44FF-A65F-138A8096ADC4}.Release|Any CPU.ActiveCfg = Release|Any CPU
		{D148EAE9-F004-44FF-A65F-138A8096ADC4}.Release|Any CPU.Build.0 = Release|Any CPU
	EndGlobalSection
	GlobalSection(SolutionProperties) = preSolution
		HideSolutionNode = FALSE
	EndGlobalSection
	GlobalSection(ExtensibilityGlobals) = postSolution
		SolutionGuid = {81A656B9-BC5F-4F2C-9974-770D85420A52}
	EndGlobalSection
EndGlobal
